
Microsoft Visual Studio Solution File, Format Version 12.00
# Visual Studio Version 17
VisualStudioVersion = 17.4.33213.308
MinimumVisualStudioVersion = 10.0.40219.1
Project("{2150E333-8FDC-42A3-9474-1A3956D46DE8}") = "1. Enterprise Business Rules", "1. Enterprise Business Rules", "{66373576-9448-45FD-92F1-AD50B72CD85B}"
EndProject
Project("{2150E333-8FDC-42A3-9474-1A3956D46DE8}") = "2. Application Business Rules", "2. Application Business Rules", "{46D5C08A-36CA-4A55-93B3-CA7D9D647642}"
EndProject
Project("{2150E333-8FDC-42A3-9474-1A3956D46DE8}") = "3. Interface Adapters", "3. Interface Adapters", "{73DA6F04-2556-4A68-8694-366A8118C19B}"
EndProject
Project("{2150E333-8FDC-42A3-9474-1A3956D46DE8}") = "4. Frameworks And Drivers", "4. Frameworks And Drivers", "{23133FBF-9005-4F01-90B9-1651F985EF7C}"
EndProject
Project("{2150E333-8FDC-42A3-9474-1A3956D46DE8}") = "Models", "Models", "{CC58532E-E0B6-4562-AA0E-0AEC9146BD14}"
EndProject
Project("{9A19103F-16F7-4668-BE54-9A1E7A4F7556}") = "BlazingPizza.Models", "BlazingPizza.Models\BlazingPizza.Models.csproj", "{2DF034FC-7312-4C03-9B2C-FDBED9FA5349}"
EndProject
Project("{2150E333-8FDC-42A3-9474-1A3956D46DE8}") = "ViewModels", "ViewModels", "{363B2827-732D-471E-BFF0-4B68CA48960C}"
EndProject
Project("{9A19103F-16F7-4668-BE54-9A1E7A4F7556}") = "BlazingPizza.ViewModels", "BlazingPizza.ViewModels\BlazingPizza.ViewModels.csproj", "{AEE707A7-8CA0-4D89-A277-05839CDA839F}"
EndProject
Project("{2150E333-8FDC-42A3-9474-1A3956D46DE8}") = "Views", "Views", "{0F47EB6F-88D3-40CC-887E-1870103A28DD}"
EndProject
Project("{9A19103F-16F7-4668-BE54-9A1E7A4F7556}") = "BlazingPizza.Razor.Views", "BlazingPizza.Razor.Views\BlazingPizza.Razor.Views.csproj", "{9B6B06F7-BA6E-47B4-A1C4-6BBFF2D897A1}"
EndProject
Project("{2150E333-8FDC-42A3-9474-1A3956D46DE8}") = "IoCs", "IoCs", "{774B0DD6-223F-4777-AE5A-D4EB75234B74}"
EndProject
Project("{9A19103F-16F7-4668-BE54-9A1E7A4F7556}") = "BlazingPizza.Frontend.IoC", "BlazingPizza.Frontend.IoC\BlazingPizza.Frontend.IoC.csproj", "{EC5597DB-4924-4D9B-B1DB-9D547A83DE2C}"
EndProject
Project("{2150E333-8FDC-42A3-9474-1A3956D46DE8}") = "UIs", "UIs", "{29E9501E-151C-4B3E-8D85-CF10F075C67B}"
EndProject
Project("{9A19103F-16F7-4668-BE54-9A1E7A4F7556}") = "BlazingPizza.BlazorClient", "BlazingPizza.BlazorClient\BlazingPizza.BlazorClient.csproj", "{97FD2E90-A7B4-4146-8B7A-E4F4AB862BA8}"
EndProject
Project("{9A19103F-16F7-4668-BE54-9A1E7A4F7556}") = "BlazingPizza.WPFClient", "BlazingPizza.WPFClient\BlazingPizza.WPFClient.csproj", "{8EF0E408-773F-4F68-9547-73D1124874DD}"
EndProject
Project("{9A19103F-16F7-4668-BE54-9A1E7A4F7556}") = "BlazingPizza.WinFormsClient", "BlazingPizza.WinFormsClient\BlazingPizza.WinFormsClient.csproj", "{88F62B02-BEE6-45C3-9A3A-9B246C7271AE}"
EndProject
Project("{9A19103F-16F7-4668-BE54-9A1E7A4F7556}") = "BlazingPizza.UseCases", "BlazingPizza.UseCases\BlazingPizza.UseCases.csproj", "{5393FA6F-29DB-4B95-A2D0-AB9B72729F53}"
EndProject
Project("{2150E333-8FDC-42A3-9474-1A3956D46DE8}") = "Gateways", "Gateways", "{DA2399D2-0110-48B7-8E8A-430A87A98497}"
EndProject
Project("{2150E333-8FDC-42A3-9474-1A3956D46DE8}") = "Repositories", "Repositories", "{897438A7-D868-456F-8051-8E7E06007027}"
EndProject
Project("{9A19103F-16F7-4668-BE54-9A1E7A4F7556}") = "BlazingPizza.EFCore.Repositories", "BlazingPizza.EFCore.Repositories\BlazingPizza.EFCore.Repositories.csproj", "{D1E49E99-F279-415F-A540-205A8C2E26E5}"
EndProject
Project("{2150E333-8FDC-42A3-9474-1A3956D46DE8}") = "Controllers", "Controllers", "{D8F1A8D5-3BFF-4E29-B425-78CE84D79F0A}"
EndProject
Project("{9A19103F-16F7-4668-BE54-9A1E7A4F7556}") = "BlazingPizza.Controllers", "BlazingPizza.Controllers\BlazingPizza.Controllers.csproj", "{5E798CB4-FAAF-4B1A-B1D2-B155807BEA96}"
EndProject
Project("{9A19103F-16F7-4668-BE54-9A1E7A4F7556}") = "BlazingPizza.Backend.IoC", "BlazingPizza.Backend.IoC\BlazingPizza.Backend.IoC.csproj", "{D7F15B5B-FA04-4A1D-A6AA-AD392356F3B7}"
EndProject
Project("{9A19103F-16F7-4668-BE54-9A1E7A4F7556}") = "BlazingPizza.WebApi", "BlazingPizza.WebApi\BlazingPizza.WebApi.csproj", "{A92155A0-F341-4A67-A50D-59B2AE54EE64}"
EndProject
Project("{2150E333-8FDC-42A3-9474-1A3956D46DE8}") = "Presenters", "Presenters", "{0F23EC4F-4B69-47DB-A486-BBC99E106663}"
EndProject
Project("{9A19103F-16F7-4668-BE54-9A1E7A4F7556}") = "BlazingPizza.Presenters", "BlazingPizza.Presenters\BlazingPizza.Presenters.csproj", "{BB59940B-75CC-40E0-9EB7-0AC87C0D6D52}"
EndProject
Project("{2150E333-8FDC-42A3-9474-1A3956D46DE8}") = "WebApiGateways", "WebApiGateways", "{F4D88255-5142-4866-85E0-F26DFD120BD1}"
EndProject
Project("{9A19103F-16F7-4668-BE54-9A1E7A4F7556}") = "BlazingPizza.Gateways", "BlazingPizza.Gateways\BlazingPizza.Gateways.csproj", "{C9901E72-3E6E-4DE5-9A60-614EF35E1DFE}"
EndProject
Project("{2150E333-8FDC-42A3-9474-1A3956D46DE8}") = "Elementos de la solución", "Elementos de la solución", "{3AA2FD57-E8DA-46B8-B0F7-CE10B27DE0E4}"
	ProjectSection(SolutionItems) = preProject
		Readme.txt = Readme.txt
	EndProjectSection
EndProject
Project("{2150E333-8FDC-42A3-9474-1A3956D46DE8}") = "BussinessObjects", "BussinessObjects", "{03521050-B71D-443C-9BB8-7DC9907B6611}"
EndProject
Project("{9A19103F-16F7-4668-BE54-9A1E7A4F7556}") = "BlazingPizza.Frontend.BusinessObjects", "BlazingPizza.Frontend.BusinessObjects\BlazingPizza.Frontend.BusinessObjects.csproj", "{4C63210B-C042-4D2C-8636-D8A582DE8D7D}"
EndProject
Project("{9A19103F-16F7-4668-BE54-9A1E7A4F7556}") = "BlazingPizza.Shared.BusinessObjects", "BlazingPizza.Shared.BusinessObjects\BlazingPizza.Shared.BusinessObjects.csproj", "{3DEE6F2E-296E-4189-8739-426909A7C7DB}"
EndProject
Project("{9A19103F-16F7-4668-BE54-9A1E7A4F7556}") = "BlazingPizza.Desktop.Models", "BlazingPizza.Desktop.Models\BlazingPizza.Desktop.Models.csproj", "{19E5AD04-F21F-45CC-B0AB-0880E6C5910F}"
EndProject
Project("{9A19103F-16F7-4668-BE54-9A1E7A4F7556}") = "BlazingPizza.Desktop.IoC", "BlazingPizza.Desktop.IoC\BlazingPizza.Desktop.IoC.csproj", "{CE5594C2-C6B9-47AC-AC7E-6D43EFD20B30}"
EndProject
Project("{9A19103F-16F7-4668-BE54-9A1E7A4F7556}") = "BlazingPizza.Backend.BusinessObjects", "BlazingPizza.Backend.BusinessObjects\BlazingPizza.Backend.BusinessObjects.csproj", "{9D3DFD1F-6C54-4B0B-BB0E-426C3E495F0B}"
EndProject
Project("{9A19103F-16F7-4668-BE54-9A1E7A4F7556}") = "SpecificationValidation.Entities", "SpecificationValidation.Entities\SpecificationValidation.Entities.csproj", "{FCEE05EA-5DA2-4BC3-8B2A-0D6398655962}"
EndProject
Project("{9A19103F-16F7-4668-BE54-9A1E7A4F7556}") = "SpecificationValidation.Abstractions", "SpecificationValidation.Abstractions\SpecificationValidation.Abstractions.csproj", "{D5C9B4BA-A909-405A-8771-DDAE96ED2488}"
EndProject
Project("{9A19103F-16F7-4668-BE54-9A1E7A4F7556}") = "BlazingPizza.Shared.Validators", "BlazingPizza.Shared.Validators\BlazingPizza.Shared.Validators.csproj", "{1DE840AE-79FB-4170-8FBB-38CF81B5EB3E}"
EndProject
Project("{9A19103F-16F7-4668-BE54-9A1E7A4F7556}") = "SpecificationValidation.Blazor", "SpecificationValidation.Blazor\SpecificationValidation.Blazor.csproj", "{A5D6D351-783D-4DC2-B5C4-E2E1DC4D1AD2}"
EndProject
Project("{9A19103F-16F7-4668-BE54-9A1E7A4F7556}") = "CustomExceptions", "CustomExceptions\CustomExceptions.csproj", "{184B3EBB-F726-4966-A3ED-EABD3CFA5235}"
EndProject
Project("{9A19103F-16F7-4668-BE54-9A1E7A4F7556}") = "CustomExceptions.HttpHandlers", "CustomExceptions.HttpHandlers\CustomExceptions.HttpHandlers.csproj", "{E78E1F59-CC7F-45C6-ACF2-8DF35A30FF17}"
EndProject
Project("{9A19103F-16F7-4668-BE54-9A1E7A4F7556}") = "ExceptionHandler.Blazor", "ExceptionHandler.Blazor\ExceptionHandler.Blazor.csproj", "{B4649EAF-5447-4658-8B50-73B86C31F482}"
EndProject
Project("{9A19103F-16F7-4668-BE54-9A1E7A4F7556}") = "Toast.Blazor", "Toast.Blazor\Toast.Blazor.csproj", "{6B38B52B-6837-4541-9450-CE70A4F2AB14}"
EndProject
Project("{9A19103F-16F7-4668-BE54-9A1E7A4F7556}") = "HttpMessageHandlers", "HttpMessageHandlers\HttpMessageHandlers.csproj", "{D6D42DCF-3AE7-40DD-9EDE-C432CECE838B}"
EndProject
Project("{9A19103F-16F7-4668-BE54-9A1E7A4F7556}") = "SweetAlert.Blazor", "SweetAlert.Blazor\SweetAlert.Blazor.csproj", "{D7293EF6-B4B6-4A7C-919D-E7A6E3788E6E}"
EndProject
Project("{9A19103F-16F7-4668-BE54-9A1E7A4F7556}") = "Leaflet.Blazor", "Leaflet.Blazor\Leaflet.Blazor.csproj", "{0C1E7360-F2E8-4326-8480-BCDC0593BEFB}"
EndProject
Project("{9A19103F-16F7-4668-BE54-9A1E7A4F7556}") = "Geolocation.Blazor", "Geolocation.Blazor\Geolocation.Blazor.csproj", "{98731FA4-3186-42FC-9932-C2EE7A4C21B3}"
EndProject
Project("{9A19103F-16F7-4668-BE54-9A1E7A4F7556}") = "PositionTrackerSimulator", "PositionTrackerSimulator\PositionTrackerSimulator.csproj", "{391C68CE-2B26-41C4-96DB-C303ADD6958D}"
EndProject
Project("{9A19103F-16F7-4668-BE54-9A1E7A4F7556}") = "GeolocationMap.Blazor", "GeolocationMap.Blazor\GeolocationMap.Blazor.csproj", "{5C56265D-B79F-4BB1-BB37-8D94B208BBAB}"
EndProject
Project("{9A19103F-16F7-4668-BE54-9A1E7A4F7556}") = "BlazingPizza.OrderTrackerSimulator", "BlazingPizza.OrderTrackerSimulator\BlazingPizza.OrderTrackerSimulator.csproj", "{F15205C3-971E-4D8D-8216-0C933D4CE0D8}"
EndProject
Project("{9A19103F-16F7-4668-BE54-9A1E7A4F7556}") = "Dialog.Blazor", "Dialog.Blazor\Dialog.Blazor.csproj", "{7CBA4FF5-B459-4C9C-91F9-4D54B40942BC}"
EndProject
Project("{9A19103F-16F7-4668-BE54-9A1E7A4F7556}") = "TemplatedList.Blazor", "TemplatedList.Blazor\TemplatedList.Blazor.csproj", "{ED637193-755D-44B9-BBF3-BBAEF801016F}"
EndProject
Project("{9A19103F-16F7-4668-BE54-9A1E7A4F7556}") = "Membership.Entities", "Membership.Entities\Membership.Entities.csproj", "{ECBACA57-C2BC-4F34-91E6-69A009FD52D8}"
EndProject
Project("{9A19103F-16F7-4668-BE54-9A1E7A4F7556}") = "Membership.UserService", "Membership.UserService\Membership.UserService.csproj", "{E8E32C0B-2ADA-414B-804F-99AB416CE303}"
EndProject
Project("{2150E333-8FDC-42A3-9474-1A3956D46DE8}") = "Membership", "Membership", "{E7CC63E5-A872-4C20-8CF2-C5A384D0DF5E}"
EndProject
Project("{2150E333-8FDC-42A3-9474-1A3956D46DE8}") = "Exceptions", "Exceptions", "{2E044BF9-E0DA-42E3-8106-5FC1B6B96E29}"
EndProject
Project("{2150E333-8FDC-42A3-9474-1A3956D46DE8}") = "Maps", "Maps", "{B3018988-343D-407F-86A3-7FE0C05EAED4}"
EndProject
Project("{2150E333-8FDC-42A3-9474-1A3956D46DE8}") = "Specifications", "Specifications", "{519E9AD9-8D8A-4C5F-BF88-FB5E52B6F211}"
EndProject
Project("{2150E333-8FDC-42A3-9474-1A3956D46DE8}") = "BlazorUI", "BlazorUI", "{152FE28A-EE9E-4DDC-A775-9D7021586FF3}"
EndProject
Project("{2150E333-8FDC-42A3-9474-1A3956D46DE8}") = "HTTPHandlers", "HTTPHandlers", "{E4EC64E8-E8A5-43ED-8AEB-B7C0906C373A}"
EndProject
Project("{9A19103F-16F7-4668-BE54-9A1E7A4F7556}") = "Membership.Controllers", "Membership.Controllers\Membership.Controllers.csproj", "{08B21CDB-4347-4C49-AD60-91D50CEC718D}"
EndProject
Project("{9A19103F-16F7-4668-BE54-9A1E7A4F7556}") = "Membership.UserManager", "Membership.UserManager\Membership.UserManager.csproj", "{159365AA-04BD-44D9-ABFC-CB44B0A4B0D0}"
EndProject
Project("{9A19103F-16F7-4668-BE54-9A1E7A4F7556}") = "Membership.UserManager.AspNetIdentity", "Membership.UserManager.AspNetIdentity\Membership.UserManager.AspNetIdentity.csproj", "{434624DC-0234-4AF4-AAE3-9BD44AC70CDA}"
EndProject
Project("{9A19103F-16F7-4668-BE54-9A1E7A4F7556}") = "Membership.IoC", "Membership.IoC\Membership.IoC.csproj", "{3B693B9D-6768-4F8F-90E4-B987F4BC22B7}"
EndProject
Project("{9A19103F-16F7-4668-BE54-9A1E7A4F7556}") = "Membership.Presenters", "Membership.Presenters\Membership.Presenters.csproj", "{61679020-1D07-4384-8BA9-64CBA7275953}"
EndProject
Project("{9A19103F-16F7-4668-BE54-9A1E7A4F7556}") = "Membership.Shared.Entities", "Membership.Shared.Entities\Membership.Shared.Entities.csproj", "{BA099583-A058-4256-8C23-63C9D0E35573}"
EndProject
Project("{9A19103F-16F7-4668-BE54-9A1E7A4F7556}") = "Membership.RefreshTokenManager.Memory", "Membership.RefreshTokenManager.Memory\Membership.RefreshTokenManager.Memory.csproj", "{D1E1146E-2E6F-4323-8AE9-87077B59A42F}"
EndProject
Project("{2150E333-8FDC-42A3-9474-1A3956D46DE8}") = "Blazor", "Blazor", "{75F48935-10CC-4F50-AA1D-ABA742F3168E}"
EndProject
Project("{9A19103F-16F7-4668-BE54-9A1E7A4F7556}") = "Membership.Blazor.Entities", "Membership.Blazor.Entities\Membership.Blazor.Entities.csproj", "{EC84C885-609C-4470-A65D-41E8F9FE4665}"
EndProject
Project("{9A19103F-16F7-4668-BE54-9A1E7A4F7556}") = "Membership.Blazor.WebApiGateway", "Membership.Blazor.WebApiGateway\Membership.Blazor.WebApiGateway.csproj", "{47F742EF-EB12-46EB-8F9F-3A3DBA3F6636}"
EndProject
Project("{2150E333-8FDC-42A3-9474-1A3956D46DE8}") = "Backend", "Backend", "{5AAA64A6-E82F-4352-AEED-43EE00FB0E4C}"
EndProject
Project("{2150E333-8FDC-42A3-9474-1A3956D46DE8}") = "Shared", "Shared", "{5DE25EF9-E6ED-48F7-B06F-3972346F7BE1}"
EndProject
Project("{FAE04EC0-301F-11D3-BF4B-00C04F79EFBC}") = "Membership.Blazor.IoC", "Membership.Blazor.IoC\Membership.Blazor.IoC.csproj", "{A0591841-8898-4329-BC8A-C78A0CA4604E}"
EndProject
Project("{FAE04EC0-301F-11D3-BF4B-00C04F79EFBC}") = "Membership.Blazor.UI", "Membership.Blazor.UI\Membership.Blazor.UI.csproj", "{4350F167-80D7-42B4-AF05-9D7DD7AB6294}"
EndProject
Global
	GlobalSection(SolutionConfigurationPlatforms) = preSolution
		Debug|Any CPU = Debug|Any CPU
		Release|Any CPU = Release|Any CPU
	EndGlobalSection
	GlobalSection(ProjectConfigurationPlatforms) = postSolution
		{2DF034FC-7312-4C03-9B2C-FDBED9FA5349}.Debug|Any CPU.ActiveCfg = Debug|Any CPU
		{2DF034FC-7312-4C03-9B2C-FDBED9FA5349}.Debug|Any CPU.Build.0 = Debug|Any CPU
		{2DF034FC-7312-4C03-9B2C-FDBED9FA5349}.Release|Any CPU.ActiveCfg = Release|Any CPU
		{2DF034FC-7312-4C03-9B2C-FDBED9FA5349}.Release|Any CPU.Build.0 = Release|Any CPU
		{AEE707A7-8CA0-4D89-A277-05839CDA839F}.Debug|Any CPU.ActiveCfg = Debug|Any CPU
		{AEE707A7-8CA0-4D89-A277-05839CDA839F}.Debug|Any CPU.Build.0 = Debug|Any CPU
		{AEE707A7-8CA0-4D89-A277-05839CDA839F}.Release|Any CPU.ActiveCfg = Release|Any CPU
		{AEE707A7-8CA0-4D89-A277-05839CDA839F}.Release|Any CPU.Build.0 = Release|Any CPU
		{9B6B06F7-BA6E-47B4-A1C4-6BBFF2D897A1}.Debug|Any CPU.ActiveCfg = Debug|Any CPU
		{9B6B06F7-BA6E-47B4-A1C4-6BBFF2D897A1}.Debug|Any CPU.Build.0 = Debug|Any CPU
		{9B6B06F7-BA6E-47B4-A1C4-6BBFF2D897A1}.Release|Any CPU.ActiveCfg = Release|Any CPU
		{9B6B06F7-BA6E-47B4-A1C4-6BBFF2D897A1}.Release|Any CPU.Build.0 = Release|Any CPU
		{EC5597DB-4924-4D9B-B1DB-9D547A83DE2C}.Debug|Any CPU.ActiveCfg = Debug|Any CPU
		{EC5597DB-4924-4D9B-B1DB-9D547A83DE2C}.Debug|Any CPU.Build.0 = Debug|Any CPU
		{EC5597DB-4924-4D9B-B1DB-9D547A83DE2C}.Release|Any CPU.ActiveCfg = Release|Any CPU
		{EC5597DB-4924-4D9B-B1DB-9D547A83DE2C}.Release|Any CPU.Build.0 = Release|Any CPU
		{97FD2E90-A7B4-4146-8B7A-E4F4AB862BA8}.Debug|Any CPU.ActiveCfg = Debug|Any CPU
		{97FD2E90-A7B4-4146-8B7A-E4F4AB862BA8}.Debug|Any CPU.Build.0 = Debug|Any CPU
		{97FD2E90-A7B4-4146-8B7A-E4F4AB862BA8}.Release|Any CPU.ActiveCfg = Release|Any CPU
		{97FD2E90-A7B4-4146-8B7A-E4F4AB862BA8}.Release|Any CPU.Build.0 = Release|Any CPU
		{8EF0E408-773F-4F68-9547-73D1124874DD}.Debug|Any CPU.ActiveCfg = Debug|Any CPU
		{8EF0E408-773F-4F68-9547-73D1124874DD}.Debug|Any CPU.Build.0 = Debug|Any CPU
		{8EF0E408-773F-4F68-9547-73D1124874DD}.Release|Any CPU.ActiveCfg = Release|Any CPU
		{8EF0E408-773F-4F68-9547-73D1124874DD}.Release|Any CPU.Build.0 = Release|Any CPU
		{88F62B02-BEE6-45C3-9A3A-9B246C7271AE}.Debug|Any CPU.ActiveCfg = Debug|Any CPU
		{88F62B02-BEE6-45C3-9A3A-9B246C7271AE}.Debug|Any CPU.Build.0 = Debug|Any CPU
		{88F62B02-BEE6-45C3-9A3A-9B246C7271AE}.Release|Any CPU.ActiveCfg = Release|Any CPU
		{88F62B02-BEE6-45C3-9A3A-9B246C7271AE}.Release|Any CPU.Build.0 = Release|Any CPU
		{5393FA6F-29DB-4B95-A2D0-AB9B72729F53}.Debug|Any CPU.ActiveCfg = Debug|Any CPU
		{5393FA6F-29DB-4B95-A2D0-AB9B72729F53}.Debug|Any CPU.Build.0 = Debug|Any CPU
		{5393FA6F-29DB-4B95-A2D0-AB9B72729F53}.Release|Any CPU.ActiveCfg = Release|Any CPU
		{5393FA6F-29DB-4B95-A2D0-AB9B72729F53}.Release|Any CPU.Build.0 = Release|Any CPU
		{D1E49E99-F279-415F-A540-205A8C2E26E5}.Debug|Any CPU.ActiveCfg = Debug|Any CPU
		{D1E49E99-F279-415F-A540-205A8C2E26E5}.Debug|Any CPU.Build.0 = Debug|Any CPU
		{D1E49E99-F279-415F-A540-205A8C2E26E5}.Release|Any CPU.ActiveCfg = Release|Any CPU
		{D1E49E99-F279-415F-A540-205A8C2E26E5}.Release|Any CPU.Build.0 = Release|Any CPU
		{5E798CB4-FAAF-4B1A-B1D2-B155807BEA96}.Debug|Any CPU.ActiveCfg = Debug|Any CPU
		{5E798CB4-FAAF-4B1A-B1D2-B155807BEA96}.Debug|Any CPU.Build.0 = Debug|Any CPU
		{5E798CB4-FAAF-4B1A-B1D2-B155807BEA96}.Release|Any CPU.ActiveCfg = Release|Any CPU
		{5E798CB4-FAAF-4B1A-B1D2-B155807BEA96}.Release|Any CPU.Build.0 = Release|Any CPU
		{D7F15B5B-FA04-4A1D-A6AA-AD392356F3B7}.Debug|Any CPU.ActiveCfg = Debug|Any CPU
		{D7F15B5B-FA04-4A1D-A6AA-AD392356F3B7}.Debug|Any CPU.Build.0 = Debug|Any CPU
		{D7F15B5B-FA04-4A1D-A6AA-AD392356F3B7}.Release|Any CPU.ActiveCfg = Release|Any CPU
		{D7F15B5B-FA04-4A1D-A6AA-AD392356F3B7}.Release|Any CPU.Build.0 = Release|Any CPU
		{A92155A0-F341-4A67-A50D-59B2AE54EE64}.Debug|Any CPU.ActiveCfg = Debug|Any CPU
		{A92155A0-F341-4A67-A50D-59B2AE54EE64}.Debug|Any CPU.Build.0 = Debug|Any CPU
		{A92155A0-F341-4A67-A50D-59B2AE54EE64}.Release|Any CPU.ActiveCfg = Release|Any CPU
		{A92155A0-F341-4A67-A50D-59B2AE54EE64}.Release|Any CPU.Build.0 = Release|Any CPU
		{BB59940B-75CC-40E0-9EB7-0AC87C0D6D52}.Debug|Any CPU.ActiveCfg = Debug|Any CPU
		{BB59940B-75CC-40E0-9EB7-0AC87C0D6D52}.Debug|Any CPU.Build.0 = Debug|Any CPU
		{BB59940B-75CC-40E0-9EB7-0AC87C0D6D52}.Release|Any CPU.ActiveCfg = Release|Any CPU
		{BB59940B-75CC-40E0-9EB7-0AC87C0D6D52}.Release|Any CPU.Build.0 = Release|Any CPU
		{C9901E72-3E6E-4DE5-9A60-614EF35E1DFE}.Debug|Any CPU.ActiveCfg = Debug|Any CPU
		{C9901E72-3E6E-4DE5-9A60-614EF35E1DFE}.Debug|Any CPU.Build.0 = Debug|Any CPU
		{C9901E72-3E6E-4DE5-9A60-614EF35E1DFE}.Release|Any CPU.ActiveCfg = Release|Any CPU
		{C9901E72-3E6E-4DE5-9A60-614EF35E1DFE}.Release|Any CPU.Build.0 = Release|Any CPU
		{4C63210B-C042-4D2C-8636-D8A582DE8D7D}.Debug|Any CPU.ActiveCfg = Debug|Any CPU
		{4C63210B-C042-4D2C-8636-D8A582DE8D7D}.Debug|Any CPU.Build.0 = Debug|Any CPU
		{4C63210B-C042-4D2C-8636-D8A582DE8D7D}.Release|Any CPU.ActiveCfg = Release|Any CPU
		{4C63210B-C042-4D2C-8636-D8A582DE8D7D}.Release|Any CPU.Build.0 = Release|Any CPU
		{3DEE6F2E-296E-4189-8739-426909A7C7DB}.Debug|Any CPU.ActiveCfg = Debug|Any CPU
		{3DEE6F2E-296E-4189-8739-426909A7C7DB}.Debug|Any CPU.Build.0 = Debug|Any CPU
		{3DEE6F2E-296E-4189-8739-426909A7C7DB}.Release|Any CPU.ActiveCfg = Release|Any CPU
		{3DEE6F2E-296E-4189-8739-426909A7C7DB}.Release|Any CPU.Build.0 = Release|Any CPU
		{19E5AD04-F21F-45CC-B0AB-0880E6C5910F}.Debug|Any CPU.ActiveCfg = Debug|Any CPU
		{19E5AD04-F21F-45CC-B0AB-0880E6C5910F}.Debug|Any CPU.Build.0 = Debug|Any CPU
		{19E5AD04-F21F-45CC-B0AB-0880E6C5910F}.Release|Any CPU.ActiveCfg = Release|Any CPU
		{19E5AD04-F21F-45CC-B0AB-0880E6C5910F}.Release|Any CPU.Build.0 = Release|Any CPU
		{CE5594C2-C6B9-47AC-AC7E-6D43EFD20B30}.Debug|Any CPU.ActiveCfg = Debug|Any CPU
		{CE5594C2-C6B9-47AC-AC7E-6D43EFD20B30}.Debug|Any CPU.Build.0 = Debug|Any CPU
		{CE5594C2-C6B9-47AC-AC7E-6D43EFD20B30}.Release|Any CPU.ActiveCfg = Release|Any CPU
		{CE5594C2-C6B9-47AC-AC7E-6D43EFD20B30}.Release|Any CPU.Build.0 = Release|Any CPU
		{9D3DFD1F-6C54-4B0B-BB0E-426C3E495F0B}.Debug|Any CPU.ActiveCfg = Debug|Any CPU
		{9D3DFD1F-6C54-4B0B-BB0E-426C3E495F0B}.Debug|Any CPU.Build.0 = Debug|Any CPU
		{9D3DFD1F-6C54-4B0B-BB0E-426C3E495F0B}.Release|Any CPU.ActiveCfg = Release|Any CPU
		{9D3DFD1F-6C54-4B0B-BB0E-426C3E495F0B}.Release|Any CPU.Build.0 = Release|Any CPU
		{FCEE05EA-5DA2-4BC3-8B2A-0D6398655962}.Debug|Any CPU.ActiveCfg = Debug|Any CPU
		{FCEE05EA-5DA2-4BC3-8B2A-0D6398655962}.Debug|Any CPU.Build.0 = Debug|Any CPU
		{FCEE05EA-5DA2-4BC3-8B2A-0D6398655962}.Release|Any CPU.ActiveCfg = Release|Any CPU
		{FCEE05EA-5DA2-4BC3-8B2A-0D6398655962}.Release|Any CPU.Build.0 = Release|Any CPU
		{D5C9B4BA-A909-405A-8771-DDAE96ED2488}.Debug|Any CPU.ActiveCfg = Debug|Any CPU
		{D5C9B4BA-A909-405A-8771-DDAE96ED2488}.Debug|Any CPU.Build.0 = Debug|Any CPU
		{D5C9B4BA-A909-405A-8771-DDAE96ED2488}.Release|Any CPU.ActiveCfg = Release|Any CPU
		{D5C9B4BA-A909-405A-8771-DDAE96ED2488}.Release|Any CPU.Build.0 = Release|Any CPU
		{1DE840AE-79FB-4170-8FBB-38CF81B5EB3E}.Debug|Any CPU.ActiveCfg = Debug|Any CPU
		{1DE840AE-79FB-4170-8FBB-38CF81B5EB3E}.Debug|Any CPU.Build.0 = Debug|Any CPU
		{1DE840AE-79FB-4170-8FBB-38CF81B5EB3E}.Release|Any CPU.ActiveCfg = Release|Any CPU
		{1DE840AE-79FB-4170-8FBB-38CF81B5EB3E}.Release|Any CPU.Build.0 = Release|Any CPU
		{A5D6D351-783D-4DC2-B5C4-E2E1DC4D1AD2}.Debug|Any CPU.ActiveCfg = Debug|Any CPU
		{A5D6D351-783D-4DC2-B5C4-E2E1DC4D1AD2}.Debug|Any CPU.Build.0 = Debug|Any CPU
		{A5D6D351-783D-4DC2-B5C4-E2E1DC4D1AD2}.Release|Any CPU.ActiveCfg = Release|Any CPU
		{A5D6D351-783D-4DC2-B5C4-E2E1DC4D1AD2}.Release|Any CPU.Build.0 = Release|Any CPU
		{184B3EBB-F726-4966-A3ED-EABD3CFA5235}.Debug|Any CPU.ActiveCfg = Debug|Any CPU
		{184B3EBB-F726-4966-A3ED-EABD3CFA5235}.Debug|Any CPU.Build.0 = Debug|Any CPU
		{184B3EBB-F726-4966-A3ED-EABD3CFA5235}.Release|Any CPU.ActiveCfg = Release|Any CPU
		{184B3EBB-F726-4966-A3ED-EABD3CFA5235}.Release|Any CPU.Build.0 = Release|Any CPU
		{E78E1F59-CC7F-45C6-ACF2-8DF35A30FF17}.Debug|Any CPU.ActiveCfg = Debug|Any CPU
		{E78E1F59-CC7F-45C6-ACF2-8DF35A30FF17}.Debug|Any CPU.Build.0 = Debug|Any CPU
		{E78E1F59-CC7F-45C6-ACF2-8DF35A30FF17}.Release|Any CPU.ActiveCfg = Release|Any CPU
		{E78E1F59-CC7F-45C6-ACF2-8DF35A30FF17}.Release|Any CPU.Build.0 = Release|Any CPU
		{B4649EAF-5447-4658-8B50-73B86C31F482}.Debug|Any CPU.ActiveCfg = Debug|Any CPU
		{B4649EAF-5447-4658-8B50-73B86C31F482}.Debug|Any CPU.Build.0 = Debug|Any CPU
		{B4649EAF-5447-4658-8B50-73B86C31F482}.Release|Any CPU.ActiveCfg = Release|Any CPU
		{B4649EAF-5447-4658-8B50-73B86C31F482}.Release|Any CPU.Build.0 = Release|Any CPU
		{6B38B52B-6837-4541-9450-CE70A4F2AB14}.Debug|Any CPU.ActiveCfg = Debug|Any CPU
		{6B38B52B-6837-4541-9450-CE70A4F2AB14}.Debug|Any CPU.Build.0 = Debug|Any CPU
		{6B38B52B-6837-4541-9450-CE70A4F2AB14}.Release|Any CPU.ActiveCfg = Release|Any CPU
		{6B38B52B-6837-4541-9450-CE70A4F2AB14}.Release|Any CPU.Build.0 = Release|Any CPU
		{D6D42DCF-3AE7-40DD-9EDE-C432CECE838B}.Debug|Any CPU.ActiveCfg = Debug|Any CPU
		{D6D42DCF-3AE7-40DD-9EDE-C432CECE838B}.Debug|Any CPU.Build.0 = Debug|Any CPU
		{D6D42DCF-3AE7-40DD-9EDE-C432CECE838B}.Release|Any CPU.ActiveCfg = Release|Any CPU
		{D6D42DCF-3AE7-40DD-9EDE-C432CECE838B}.Release|Any CPU.Build.0 = Release|Any CPU
		{D7293EF6-B4B6-4A7C-919D-E7A6E3788E6E}.Debug|Any CPU.ActiveCfg = Debug|Any CPU
		{D7293EF6-B4B6-4A7C-919D-E7A6E3788E6E}.Debug|Any CPU.Build.0 = Debug|Any CPU
		{D7293EF6-B4B6-4A7C-919D-E7A6E3788E6E}.Release|Any CPU.ActiveCfg = Release|Any CPU
		{D7293EF6-B4B6-4A7C-919D-E7A6E3788E6E}.Release|Any CPU.Build.0 = Release|Any CPU
		{0C1E7360-F2E8-4326-8480-BCDC0593BEFB}.Debug|Any CPU.ActiveCfg = Debug|Any CPU
		{0C1E7360-F2E8-4326-8480-BCDC0593BEFB}.Debug|Any CPU.Build.0 = Debug|Any CPU
		{0C1E7360-F2E8-4326-8480-BCDC0593BEFB}.Release|Any CPU.ActiveCfg = Release|Any CPU
		{0C1E7360-F2E8-4326-8480-BCDC0593BEFB}.Release|Any CPU.Build.0 = Release|Any CPU
		{98731FA4-3186-42FC-9932-C2EE7A4C21B3}.Debug|Any CPU.ActiveCfg = Debug|Any CPU
		{98731FA4-3186-42FC-9932-C2EE7A4C21B3}.Debug|Any CPU.Build.0 = Debug|Any CPU
		{98731FA4-3186-42FC-9932-C2EE7A4C21B3}.Release|Any CPU.ActiveCfg = Release|Any CPU
		{98731FA4-3186-42FC-9932-C2EE7A4C21B3}.Release|Any CPU.Build.0 = Release|Any CPU
		{391C68CE-2B26-41C4-96DB-C303ADD6958D}.Debug|Any CPU.ActiveCfg = Debug|Any CPU
		{391C68CE-2B26-41C4-96DB-C303ADD6958D}.Debug|Any CPU.Build.0 = Debug|Any CPU
		{391C68CE-2B26-41C4-96DB-C303ADD6958D}.Release|Any CPU.ActiveCfg = Release|Any CPU
		{391C68CE-2B26-41C4-96DB-C303ADD6958D}.Release|Any CPU.Build.0 = Release|Any CPU
		{5C56265D-B79F-4BB1-BB37-8D94B208BBAB}.Debug|Any CPU.ActiveCfg = Debug|Any CPU
		{5C56265D-B79F-4BB1-BB37-8D94B208BBAB}.Debug|Any CPU.Build.0 = Debug|Any CPU
		{5C56265D-B79F-4BB1-BB37-8D94B208BBAB}.Release|Any CPU.ActiveCfg = Release|Any CPU
		{5C56265D-B79F-4BB1-BB37-8D94B208BBAB}.Release|Any CPU.Build.0 = Release|Any CPU
		{F15205C3-971E-4D8D-8216-0C933D4CE0D8}.Debug|Any CPU.ActiveCfg = Debug|Any CPU
		{F15205C3-971E-4D8D-8216-0C933D4CE0D8}.Debug|Any CPU.Build.0 = Debug|Any CPU
		{F15205C3-971E-4D8D-8216-0C933D4CE0D8}.Release|Any CPU.ActiveCfg = Release|Any CPU
		{F15205C3-971E-4D8D-8216-0C933D4CE0D8}.Release|Any CPU.Build.0 = Release|Any CPU
		{7CBA4FF5-B459-4C9C-91F9-4D54B40942BC}.Debug|Any CPU.ActiveCfg = Debug|Any CPU
		{7CBA4FF5-B459-4C9C-91F9-4D54B40942BC}.Debug|Any CPU.Build.0 = Debug|Any CPU
		{7CBA4FF5-B459-4C9C-91F9-4D54B40942BC}.Release|Any CPU.ActiveCfg = Release|Any CPU
		{7CBA4FF5-B459-4C9C-91F9-4D54B40942BC}.Release|Any CPU.Build.0 = Release|Any CPU
		{ED637193-755D-44B9-BBF3-BBAEF801016F}.Debug|Any CPU.ActiveCfg = Debug|Any CPU
		{ED637193-755D-44B9-BBF3-BBAEF801016F}.Debug|Any CPU.Build.0 = Debug|Any CPU
		{ED637193-755D-44B9-BBF3-BBAEF801016F}.Release|Any CPU.ActiveCfg = Release|Any CPU
		{ED637193-755D-44B9-BBF3-BBAEF801016F}.Release|Any CPU.Build.0 = Release|Any CPU
		{ECBACA57-C2BC-4F34-91E6-69A009FD52D8}.Debug|Any CPU.ActiveCfg = Debug|Any CPU
		{ECBACA57-C2BC-4F34-91E6-69A009FD52D8}.Debug|Any CPU.Build.0 = Debug|Any CPU
		{ECBACA57-C2BC-4F34-91E6-69A009FD52D8}.Release|Any CPU.ActiveCfg = Release|Any CPU
		{ECBACA57-C2BC-4F34-91E6-69A009FD52D8}.Release|Any CPU.Build.0 = Release|Any CPU
		{E8E32C0B-2ADA-414B-804F-99AB416CE303}.Debug|Any CPU.ActiveCfg = Debug|Any CPU
		{E8E32C0B-2ADA-414B-804F-99AB416CE303}.Debug|Any CPU.Build.0 = Debug|Any CPU
		{E8E32C0B-2ADA-414B-804F-99AB416CE303}.Release|Any CPU.ActiveCfg = Release|Any CPU
		{E8E32C0B-2ADA-414B-804F-99AB416CE303}.Release|Any CPU.Build.0 = Release|Any CPU
		{08B21CDB-4347-4C49-AD60-91D50CEC718D}.Debug|Any CPU.ActiveCfg = Debug|Any CPU
		{08B21CDB-4347-4C49-AD60-91D50CEC718D}.Debug|Any CPU.Build.0 = Debug|Any CPU
		{08B21CDB-4347-4C49-AD60-91D50CEC718D}.Release|Any CPU.ActiveCfg = Release|Any CPU
		{08B21CDB-4347-4C49-AD60-91D50CEC718D}.Release|Any CPU.Build.0 = Release|Any CPU
		{159365AA-04BD-44D9-ABFC-CB44B0A4B0D0}.Debug|Any CPU.ActiveCfg = Debug|Any CPU
		{159365AA-04BD-44D9-ABFC-CB44B0A4B0D0}.Debug|Any CPU.Build.0 = Debug|Any CPU
		{159365AA-04BD-44D9-ABFC-CB44B0A4B0D0}.Release|Any CPU.ActiveCfg = Release|Any CPU
		{159365AA-04BD-44D9-ABFC-CB44B0A4B0D0}.Release|Any CPU.Build.0 = Release|Any CPU
		{434624DC-0234-4AF4-AAE3-9BD44AC70CDA}.Debug|Any CPU.ActiveCfg = Debug|Any CPU
		{434624DC-0234-4AF4-AAE3-9BD44AC70CDA}.Debug|Any CPU.Build.0 = Debug|Any CPU
		{434624DC-0234-4AF4-AAE3-9BD44AC70CDA}.Release|Any CPU.ActiveCfg = Release|Any CPU
		{434624DC-0234-4AF4-AAE3-9BD44AC70CDA}.Release|Any CPU.Build.0 = Release|Any CPU
		{3B693B9D-6768-4F8F-90E4-B987F4BC22B7}.Debug|Any CPU.ActiveCfg = Debug|Any CPU
		{3B693B9D-6768-4F8F-90E4-B987F4BC22B7}.Debug|Any CPU.Build.0 = Debug|Any CPU
		{3B693B9D-6768-4F8F-90E4-B987F4BC22B7}.Release|Any CPU.ActiveCfg = Release|Any CPU
		{3B693B9D-6768-4F8F-90E4-B987F4BC22B7}.Release|Any CPU.Build.0 = Release|Any CPU
		{61679020-1D07-4384-8BA9-64CBA7275953}.Debug|Any CPU.ActiveCfg = Debug|Any CPU
		{61679020-1D07-4384-8BA9-64CBA7275953}.Debug|Any CPU.Build.0 = Debug|Any CPU
		{61679020-1D07-4384-8BA9-64CBA7275953}.Release|Any CPU.ActiveCfg = Release|Any CPU
		{61679020-1D07-4384-8BA9-64CBA7275953}.Release|Any CPU.Build.0 = Release|Any CPU
		{BA099583-A058-4256-8C23-63C9D0E35573}.Debug|Any CPU.ActiveCfg = Debug|Any CPU
		{BA099583-A058-4256-8C23-63C9D0E35573}.Debug|Any CPU.Build.0 = Debug|Any CPU
		{BA099583-A058-4256-8C23-63C9D0E35573}.Release|Any CPU.ActiveCfg = Release|Any CPU
		{BA099583-A058-4256-8C23-63C9D0E35573}.Release|Any CPU.Build.0 = Release|Any CPU
		{D1E1146E-2E6F-4323-8AE9-87077B59A42F}.Debug|Any CPU.ActiveCfg = Debug|Any CPU
		{D1E1146E-2E6F-4323-8AE9-87077B59A42F}.Debug|Any CPU.Build.0 = Debug|Any CPU
		{D1E1146E-2E6F-4323-8AE9-87077B59A42F}.Release|Any CPU.ActiveCfg = Release|Any CPU
		{D1E1146E-2E6F-4323-8AE9-87077B59A42F}.Release|Any CPU.Build.0 = Release|Any CPU
		{EC84C885-609C-4470-A65D-41E8F9FE4665}.Debug|Any CPU.ActiveCfg = Debug|Any CPU
		{EC84C885-609C-4470-A65D-41E8F9FE4665}.Debug|Any CPU.Build.0 = Debug|Any CPU
		{EC84C885-609C-4470-A65D-41E8F9FE4665}.Release|Any CPU.ActiveCfg = Release|Any CPU
		{EC84C885-609C-4470-A65D-41E8F9FE4665}.Release|Any CPU.Build.0 = Release|Any CPU
		{47F742EF-EB12-46EB-8F9F-3A3DBA3F6636}.Debug|Any CPU.ActiveCfg = Debug|Any CPU
		{47F742EF-EB12-46EB-8F9F-3A3DBA3F6636}.Debug|Any CPU.Build.0 = Debug|Any CPU
		{47F742EF-EB12-46EB-8F9F-3A3DBA3F6636}.Release|Any CPU.ActiveCfg = Release|Any CPU
		{47F742EF-EB12-46EB-8F9F-3A3DBA3F6636}.Release|Any CPU.Build.0 = Release|Any CPU
		{A0591841-8898-4329-BC8A-C78A0CA4604E}.Debug|Any CPU.ActiveCfg = Debug|Any CPU
		{A0591841-8898-4329-BC8A-C78A0CA4604E}.Debug|Any CPU.Build.0 = Debug|Any CPU
		{A0591841-8898-4329-BC8A-C78A0CA4604E}.Release|Any CPU.ActiveCfg = Release|Any CPU
		{A0591841-8898-4329-BC8A-C78A0CA4604E}.Release|Any CPU.Build.0 = Release|Any CPU
		{4350F167-80D7-42B4-AF05-9D7DD7AB6294}.Debug|Any CPU.ActiveCfg = Debug|Any CPU
		{4350F167-80D7-42B4-AF05-9D7DD7AB6294}.Debug|Any CPU.Build.0 = Debug|Any CPU
		{4350F167-80D7-42B4-AF05-9D7DD7AB6294}.Release|Any CPU.ActiveCfg = Release|Any CPU
		{4350F167-80D7-42B4-AF05-9D7DD7AB6294}.Release|Any CPU.Build.0 = Release|Any CPU
	EndGlobalSection
	GlobalSection(SolutionProperties) = preSolution
		HideSolutionNode = FALSE
	EndGlobalSection
	GlobalSection(NestedProjects) = preSolution
		{CC58532E-E0B6-4562-AA0E-0AEC9146BD14} = {73DA6F04-2556-4A68-8694-366A8118C19B}
		{2DF034FC-7312-4C03-9B2C-FDBED9FA5349} = {CC58532E-E0B6-4562-AA0E-0AEC9146BD14}
		{363B2827-732D-471E-BFF0-4B68CA48960C} = {73DA6F04-2556-4A68-8694-366A8118C19B}
		{AEE707A7-8CA0-4D89-A277-05839CDA839F} = {363B2827-732D-471E-BFF0-4B68CA48960C}
		{0F47EB6F-88D3-40CC-887E-1870103A28DD} = {73DA6F04-2556-4A68-8694-366A8118C19B}
		{9B6B06F7-BA6E-47B4-A1C4-6BBFF2D897A1} = {0F47EB6F-88D3-40CC-887E-1870103A28DD}
		{774B0DD6-223F-4777-AE5A-D4EB75234B74} = {73DA6F04-2556-4A68-8694-366A8118C19B}
		{EC5597DB-4924-4D9B-B1DB-9D547A83DE2C} = {774B0DD6-223F-4777-AE5A-D4EB75234B74}
		{29E9501E-151C-4B3E-8D85-CF10F075C67B} = {23133FBF-9005-4F01-90B9-1651F985EF7C}
		{97FD2E90-A7B4-4146-8B7A-E4F4AB862BA8} = {29E9501E-151C-4B3E-8D85-CF10F075C67B}
		{8EF0E408-773F-4F68-9547-73D1124874DD} = {29E9501E-151C-4B3E-8D85-CF10F075C67B}
		{88F62B02-BEE6-45C3-9A3A-9B246C7271AE} = {29E9501E-151C-4B3E-8D85-CF10F075C67B}
		{5393FA6F-29DB-4B95-A2D0-AB9B72729F53} = {46D5C08A-36CA-4A55-93B3-CA7D9D647642}
		{DA2399D2-0110-48B7-8E8A-430A87A98497} = {73DA6F04-2556-4A68-8694-366A8118C19B}
		{897438A7-D868-456F-8051-8E7E06007027} = {DA2399D2-0110-48B7-8E8A-430A87A98497}
		{D1E49E99-F279-415F-A540-205A8C2E26E5} = {897438A7-D868-456F-8051-8E7E06007027}
		{D8F1A8D5-3BFF-4E29-B425-78CE84D79F0A} = {73DA6F04-2556-4A68-8694-366A8118C19B}
		{5E798CB4-FAAF-4B1A-B1D2-B155807BEA96} = {D8F1A8D5-3BFF-4E29-B425-78CE84D79F0A}
		{D7F15B5B-FA04-4A1D-A6AA-AD392356F3B7} = {774B0DD6-223F-4777-AE5A-D4EB75234B74}
		{A92155A0-F341-4A67-A50D-59B2AE54EE64} = {29E9501E-151C-4B3E-8D85-CF10F075C67B}
		{0F23EC4F-4B69-47DB-A486-BBC99E106663} = {73DA6F04-2556-4A68-8694-366A8118C19B}
		{BB59940B-75CC-40E0-9EB7-0AC87C0D6D52} = {0F23EC4F-4B69-47DB-A486-BBC99E106663}
		{F4D88255-5142-4866-85E0-F26DFD120BD1} = {DA2399D2-0110-48B7-8E8A-430A87A98497}
		{C9901E72-3E6E-4DE5-9A60-614EF35E1DFE} = {F4D88255-5142-4866-85E0-F26DFD120BD1}
		{03521050-B71D-443C-9BB8-7DC9907B6611} = {46D5C08A-36CA-4A55-93B3-CA7D9D647642}
		{4C63210B-C042-4D2C-8636-D8A582DE8D7D} = {03521050-B71D-443C-9BB8-7DC9907B6611}
		{3DEE6F2E-296E-4189-8739-426909A7C7DB} = {03521050-B71D-443C-9BB8-7DC9907B6611}
		{19E5AD04-F21F-45CC-B0AB-0880E6C5910F} = {CC58532E-E0B6-4562-AA0E-0AEC9146BD14}
		{CE5594C2-C6B9-47AC-AC7E-6D43EFD20B30} = {774B0DD6-223F-4777-AE5A-D4EB75234B74}
		{9D3DFD1F-6C54-4B0B-BB0E-426C3E495F0B} = {03521050-B71D-443C-9BB8-7DC9907B6611}
		{FCEE05EA-5DA2-4BC3-8B2A-0D6398655962} = {519E9AD9-8D8A-4C5F-BF88-FB5E52B6F211}
		{D5C9B4BA-A909-405A-8771-DDAE96ED2488} = {519E9AD9-8D8A-4C5F-BF88-FB5E52B6F211}
		{1DE840AE-79FB-4170-8FBB-38CF81B5EB3E} = {46D5C08A-36CA-4A55-93B3-CA7D9D647642}
		{A5D6D351-783D-4DC2-B5C4-E2E1DC4D1AD2} = {519E9AD9-8D8A-4C5F-BF88-FB5E52B6F211}
		{184B3EBB-F726-4966-A3ED-EABD3CFA5235} = {2E044BF9-E0DA-42E3-8106-5FC1B6B96E29}
		{E78E1F59-CC7F-45C6-ACF2-8DF35A30FF17} = {2E044BF9-E0DA-42E3-8106-5FC1B6B96E29}
		{B4649EAF-5447-4658-8B50-73B86C31F482} = {2E044BF9-E0DA-42E3-8106-5FC1B6B96E29}
		{6B38B52B-6837-4541-9450-CE70A4F2AB14} = {152FE28A-EE9E-4DDC-A775-9D7021586FF3}
		{D6D42DCF-3AE7-40DD-9EDE-C432CECE838B} = {E4EC64E8-E8A5-43ED-8AEB-B7C0906C373A}
		{D7293EF6-B4B6-4A7C-919D-E7A6E3788E6E} = {152FE28A-EE9E-4DDC-A775-9D7021586FF3}
		{0C1E7360-F2E8-4326-8480-BCDC0593BEFB} = {B3018988-343D-407F-86A3-7FE0C05EAED4}
		{98731FA4-3186-42FC-9932-C2EE7A4C21B3} = {B3018988-343D-407F-86A3-7FE0C05EAED4}
		{391C68CE-2B26-41C4-96DB-C303ADD6958D} = {B3018988-343D-407F-86A3-7FE0C05EAED4}
		{5C56265D-B79F-4BB1-BB37-8D94B208BBAB} = {B3018988-343D-407F-86A3-7FE0C05EAED4}
		{F15205C3-971E-4D8D-8216-0C933D4CE0D8} = {F4D88255-5142-4866-85E0-F26DFD120BD1}
		{7CBA4FF5-B459-4C9C-91F9-4D54B40942BC} = {152FE28A-EE9E-4DDC-A775-9D7021586FF3}
		{ED637193-755D-44B9-BBF3-BBAEF801016F} = {152FE28A-EE9E-4DDC-A775-9D7021586FF3}
		{ECBACA57-C2BC-4F34-91E6-69A009FD52D8} = {5AAA64A6-E82F-4352-AEED-43EE00FB0E4C}
		{E8E32C0B-2ADA-414B-804F-99AB416CE303} = {5AAA64A6-E82F-4352-AEED-43EE00FB0E4C}
		{E7CC63E5-A872-4C20-8CF2-C5A384D0DF5E} = {66373576-9448-45FD-92F1-AD50B72CD85B}
		{2E044BF9-E0DA-42E3-8106-5FC1B6B96E29} = {66373576-9448-45FD-92F1-AD50B72CD85B}
		{B3018988-343D-407F-86A3-7FE0C05EAED4} = {66373576-9448-45FD-92F1-AD50B72CD85B}
		{519E9AD9-8D8A-4C5F-BF88-FB5E52B6F211} = {66373576-9448-45FD-92F1-AD50B72CD85B}
		{152FE28A-EE9E-4DDC-A775-9D7021586FF3} = {66373576-9448-45FD-92F1-AD50B72CD85B}
		{E4EC64E8-E8A5-43ED-8AEB-B7C0906C373A} = {66373576-9448-45FD-92F1-AD50B72CD85B}
		{08B21CDB-4347-4C49-AD60-91D50CEC718D} = {5AAA64A6-E82F-4352-AEED-43EE00FB0E4C}
		{159365AA-04BD-44D9-ABFC-CB44B0A4B0D0} = {5AAA64A6-E82F-4352-AEED-43EE00FB0E4C}
		{434624DC-0234-4AF4-AAE3-9BD44AC70CDA} = {5AAA64A6-E82F-4352-AEED-43EE00FB0E4C}
		{3B693B9D-6768-4F8F-90E4-B987F4BC22B7} = {5AAA64A6-E82F-4352-AEED-43EE00FB0E4C}
		{61679020-1D07-4384-8BA9-64CBA7275953} = {5AAA64A6-E82F-4352-AEED-43EE00FB0E4C}
		{BA099583-A058-4256-8C23-63C9D0E35573} = {5DE25EF9-E6ED-48F7-B06F-3972346F7BE1}
		{D1E1146E-2E6F-4323-8AE9-87077B59A42F} = {5AAA64A6-E82F-4352-AEED-43EE00FB0E4C}
		{75F48935-10CC-4F50-AA1D-ABA742F3168E} = {E7CC63E5-A872-4C20-8CF2-C5A384D0DF5E}
		{EC84C885-609C-4470-A65D-41E8F9FE4665} = {75F48935-10CC-4F50-AA1D-ABA742F3168E}
		{47F742EF-EB12-46EB-8F9F-3A3DBA3F6636} = {75F48935-10CC-4F50-AA1D-ABA742F3168E}
		{5AAA64A6-E82F-4352-AEED-43EE00FB0E4C} = {E7CC63E5-A872-4C20-8CF2-C5A384D0DF5E}
		{5DE25EF9-E6ED-48F7-B06F-3972346F7BE1} = {E7CC63E5-A872-4C20-8CF2-C5A384D0DF5E}
		{A0591841-8898-4329-BC8A-C78A0CA4604E} = {75F48935-10CC-4F50-AA1D-ABA742F3168E}
		{4350F167-80D7-42B4-AF05-9D7DD7AB6294} = {75F48935-10CC-4F50-AA1D-ABA742F3168E}
	EndGlobalSection
	GlobalSection(ExtensibilityGlobals) = postSolution
		SolutionGuid = {F50E3712-4DB5-4FE7-901F-482ED0CC1273}
	EndGlobalSection
EndGlobal
